
Microsoft Visual Studio Solution File, Format Version 12.00
# Visual Studio Version 17
VisualStudioVersion = 17.9.34616.47
MinimumVisualStudioVersion = 10.0.40219.1
Project("{FAE04EC0-301F-11D3-BF4B-00C04F79EFBC}") = "POO-1", "POO-1\POO-1.csproj", "{FABFAF5A-765A-4B24-9607-8C0531E347AF}"
EndProject
Global
	GlobalSection(SolutionConfigurationPlatforms) = preSolution
		Debug|Any CPU = Debug|Any CPU
		Release|Any CPU = Release|Any CPU
	EndGlobalSection
	GlobalSection(ProjectConfigurationPlatforms) = postSolution
		{FABFAF5A-765A-4B24-9607-8C0531E347AF}.Debug|Any CPU.ActiveCfg = Debug|Any CPU
		{FABFAF5A-765A-4B24-9607-8C0531E347AF}.Debug|Any CPU.Build.0 = Debug|Any CPU
		{FABFAF5A-765A-4B24-9607-8C0531E347AF}.Release|Any CPU.ActiveCfg = Release|Any CPU
		{FABFAF5A-765A-4B24-9607-8C0531E347AF}.Release|Any CPU.Build.0 = Release|Any CPU
	EndGlobalSection
	GlobalSection(SolutionProperties) = preSolution
		HideSolutionNode = FALSE
	EndGlobalSection
	GlobalSection(ExtensibilityGlobals) = postSolution
		SolutionGuid = {B490A0AC-B2A5-48E6-8CC1-77A169303570}
	EndGlobalSection
EndGlobal
